
Microsoft Visual Studio Solution File, Format Version 12.00
# Visual Studio Version 16
VisualStudioVersion = 16.0.29709.97
MinimumVisualStudioVersion = 10.0.40219.1
Project("{FAE04EC0-301F-11D3-BF4B-00C04F79EFBC}") = "Inventory_Management", "Inventory_Management\Inventory_Management.csproj", "{9C423B37-5987-47E4-AA2C-D58E5AE3FDBB}"
EndProject
Global
	GlobalSection(SolutionConfigurationPlatforms) = preSolution
		Debug|Any CPU = Debug|Any CPU
		Release|Any CPU = Release|Any CPU
	EndGlobalSection
	GlobalSection(ProjectConfigurationPlatforms) = postSolution
		{9C423B37-5987-47E4-AA2C-D58E5AE3FDBB}.Debug|Any CPU.ActiveCfg = Debug|Any CPU
		{9C423B37-5987-47E4-AA2C-D58E5AE3FDBB}.Debug|Any CPU.Build.0 = Debug|Any CPU
		{9C423B37-5987-47E4-AA2C-D58E5AE3FDBB}.Release|Any CPU.ActiveCfg = Release|Any CPU
		{9C423B37-5987-47E4-AA2C-D58E5AE3FDBB}.Release|Any CPU.Build.0 = Release|Any CPU
	EndGlobalSection
	GlobalSection(SolutionProperties) = preSolution
		HideSolutionNode = FALSE
	EndGlobalSection
	GlobalSection(ExtensibilityGlobals) = postSolution
		SolutionGuid = {73606C80-4EFF-4E3F-AD66-D75B7BC6F50F}
	EndGlobalSection
EndGlobal
